
Microsoft Visual Studio Solution File, Format Version 11.00
# Visual Studio 2010
Project("{FAE04EC0-301F-11D3-BF4B-00C04F79EFBC}") = "item_mal", "item_mal.csproj", "{59C2C9C0-61FF-4E01-88EB-4C791D5C8EE5}"
EndProject
Global
	GlobalSection(SolutionConfigurationPlatforms) = preSolution
		Debug|Any CPU = Debug|Any CPU
		Release|Any CPU = Release|Any CPU
	EndGlobalSection
	GlobalSection(ProjectConfigurationPlatforms) = postSolution
		{59C2C9C0-61FF-4E01-88EB-4C791D5C8EE5}.Debug|Any CPU.ActiveCfg = Debug|Any CPU
		{59C2C9C0-61FF-4E01-88EB-4C791D5C8EE5}.Debug|Any CPU.Build.0 = Debug|Any CPU
		{59C2C9C0-61FF-4E01-88EB-4C791D5C8EE5}.Release|Any CPU.ActiveCfg = Release|Any CPU
		{59C2C9C0-61FF-4E01-88EB-4C791D5C8EE5}.Release|Any CPU.Build.0 = Release|Any CPU
	EndGlobalSection
	GlobalSection(SolutionProperties) = preSolution
		HideSolutionNode = FALSE
	EndGlobalSection
EndGlobal
